
Microsoft Visual Studio Solution File, Format Version 12.00
# Visual Studio Version 16
VisualStudioVersion = 16.0.29009.5
MinimumVisualStudioVersion = 10.0.40219.1
Project("{8BC9CEB8-8B4A-11D0-8D11-00A0C91BC942}") = "webdav", "webdav.vcxproj", "{E952C5C2-F44D-4939-ABCF-28FB23F7B16C}"
EndProject
Global
	GlobalSection(SolutionConfigurationPlatforms) = preSolution
		Debug|x64 = Debug|x64
		Debug|x86 = Debug|x86
		Release_no_openssl|x64 = Release_no_openssl|x64
		Release_no_openssl|x86 = Release_no_openssl|x86
		Release|x64 = Release|x64
		Release|x86 = Release|x86
	EndGlobalSection
	GlobalSection(ProjectConfigurationPlatforms) = postSolution
		{E952C5C2-F44D-4939-ABCF-28FB23F7B16C}.Debug|x64.ActiveCfg = Debug|x64
		{E952C5C2-F44D-4939-ABCF-28FB23F7B16C}.Debug|x64.Build.0 = Debug|x64
		{E952C5C2-F44D-4939-ABCF-28FB23F7B16C}.Debug|x86.ActiveCfg = Debug|Win32
		{E952C5C2-F44D-4939-ABCF-28FB23F7B16C}.Debug|x86.Build.0 = Debug|Win32
		{E952C5C2-F44D-4939-ABCF-28FB23F7B16C}.Release_no_openssl|x64.ActiveCfg = Release|x64
		{E952C5C2-F44D-4939-ABCF-28FB23F7B16C}.Release_no_openssl|x86.ActiveCfg = Release|Win32
		{E952C5C2-F44D-4939-ABCF-28FB23F7B16C}.Release|x64.ActiveCfg = Release|x64
		{E952C5C2-F44D-4939-ABCF-28FB23F7B16C}.Release|x64.Build.0 = Release|x64
		{E952C5C2-F44D-4939-ABCF-28FB23F7B16C}.Release|x86.ActiveCfg = Release|Win32
		{E952C5C2-F44D-4939-ABCF-28FB23F7B16C}.Release|x86.Build.0 = Release|Win32
	EndGlobalSection
	GlobalSection(SolutionProperties) = preSolution
		HideSolutionNode = FALSE
	EndGlobalSection
	GlobalSection(ExtensibilityGlobals) = postSolution
		SolutionGuid = {8AE89500-CC9D-482C-A1ED-5D8CD6244820}
	EndGlobalSection
EndGlobal
